{
	"name": "aa-usage",
	"version": "0.0.5",
	"lockfileVersion": 1,
	"requires": true,
	"dependencies": {
		"aa-beta": {
			"version": "0.0.3",
			"resolved": "https://registry.npmjs.org/aa-beta/-/aa-beta-0.0.3.tgz",
			"integrity": "sha512-FhF9F44M6nBYz8FJ8DsiKwoHgW4qb2jwb9Zz/ExRKVQR/qJkFwqAKmo6dCuZeAne+4BMSBT285dg4IwCSJSBqw=="
		}
	}
}
